
Microsoft Visual Studio Solution File, Format Version 12.00
# Visual Studio 14
VisualStudioVersion = 14.0.25420.1
MinimumVisualStudioVersion = 10.0.40219.1
Project("{FAE04EC0-301F-11D3-BF4B-00C04F79EFBC}") = "test0615_HelloASP", "test0615_HelloASP\test0615_HelloASP.csproj", "{AEEA8E3B-1AA3-4256-AE27-DCEC1B510890}"
EndProject
Global
	GlobalSection(SolutionConfigurationPlatforms) = preSolution
		Debug|Any CPU = Debug|Any CPU
		Release|Any CPU = Release|Any CPU
	EndGlobalSection
	GlobalSection(ProjectConfigurationPlatforms) = postSolution
		{AEEA8E3B-1AA3-4256-AE27-DCEC1B510890}.Debug|Any CPU.ActiveCfg = Debug|Any CPU
		{AEEA8E3B-1AA3-4256-AE27-DCEC1B510890}.Debug|Any CPU.Build.0 = Debug|Any CPU
		{AEEA8E3B-1AA3-4256-AE27-DCEC1B510890}.Release|Any CPU.ActiveCfg = Release|Any CPU
		{AEEA8E3B-1AA3-4256-AE27-DCEC1B510890}.Release|Any CPU.Build.0 = Release|Any CPU
	EndGlobalSection
	GlobalSection(SolutionProperties) = preSolution
		HideSolutionNode = FALSE
	EndGlobalSection
EndGlobal
